
Microsoft Visual Studio Solution File, Format Version 12.00
# Visual Studio Version 16
VisualStudioVersion = 16.0.33927.289
MinimumVisualStudioVersion = 10.0.40219.1
Project("{8BC9CEB8-8B4A-11D0-8D11-00A0C91BC942}") = "RockPaperScissor", "RockPaperScissor\RockPaperScissor.vcxproj", "{D8D1A910-E63B-4ACF-947F-D5568E7BE656}"
EndProject
Global
	GlobalSection(SolutionConfigurationPlatforms) = preSolution
		Debug|x64 = Debug|x64
		Debug|x86 = Debug|x86
		Release|x64 = Release|x64
		Release|x86 = Release|x86
	EndGlobalSection
	GlobalSection(ProjectConfigurationPlatforms) = postSolution
		{D8D1A910-E63B-4ACF-947F-D5568E7BE656}.Debug|x64.ActiveCfg = Debug|x64
		{D8D1A910-E63B-4ACF-947F-D5568E7BE656}.Debug|x64.Build.0 = Debug|x64
		{D8D1A910-E63B-4ACF-947F-D5568E7BE656}.Debug|x86.ActiveCfg = Debug|Win32
		{D8D1A910-E63B-4ACF-947F-D5568E7BE656}.Debug|x86.Build.0 = Debug|Win32
		{D8D1A910-E63B-4ACF-947F-D5568E7BE656}.Release|x64.ActiveCfg = Release|x64
		{D8D1A910-E63B-4ACF-947F-D5568E7BE656}.Release|x64.Build.0 = Release|x64
		{D8D1A910-E63B-4ACF-947F-D5568E7BE656}.Release|x86.ActiveCfg = Release|Win32
		{D8D1A910-E63B-4ACF-947F-D5568E7BE656}.Release|x86.Build.0 = Release|Win32
	EndGlobalSection
	GlobalSection(SolutionProperties) = preSolution
		HideSolutionNode = FALSE
	EndGlobalSection
	GlobalSection(ExtensibilityGlobals) = postSolution
		SolutionGuid = {C525E6A4-0300-4AA0-894C-BE4806081B29}
	EndGlobalSection
EndGlobal
